// !$*UTF8*$!
{
	archiveVersion = 1;
	classes = {
	};
	objectVersion = 50;
	objects = {

/* Begin PBXBuildFile section */
		842F43072202596600DE3266 /* AppDelegate.swift in Sources */ = {isa = PBXBuildFile; fileRef = 842F43062202596600DE3266 /* AppDelegate.swift */; };
		842F43092202596600DE3266 /* ViewController.swift in Sources */ = {isa = PBXBuildFile; fileRef = 842F43082202596600DE3266 /* ViewController.swift */; };
		842F430C2202596600DE3266 /* Main.storyboard in Resources */ = {isa = PBXBuildFile; fileRef = 842F430A2202596600DE3266 /* Main.storyboard */; };
		842F430E2202596700DE3266 /* Assets.xcassets in Resources */ = {isa = PBXBuildFile; fileRef = 842F430D2202596700DE3266 /* Assets.xcassets */; };
		842F43112202596700DE3266 /* LaunchScreen.storyboard in Resources */ = {isa = PBXBuildFile; fileRef = 842F430F2202596700DE3266 /* LaunchScreen.storyboard */; };
		842F431B220262FB00DE3266 /* MyContact.swift in Sources */ = {isa = PBXBuildFile; fileRef = 842F431A220262FB00DE3266 /* MyContact.swift */; };
		842F431F2202672300DE3266 /* ContactCellController.swift in Sources */ = {isa = PBXBuildFile; fileRef = 842F431E2202672300DE3266 /* ContactCellController.swift */; };
/* End PBXBuildFile section */

/* Begin PBXFileReference section */
		842F43032202596600DE3266 /* contactManager.app */ = {isa = PBXFileReference; explicitFileType = wrapper.application; includeInIndex = 0; path = contactManager.app; sourceTree = BUILT_PRODUCTS_DIR; };
		842F43062202596600DE3266 /* AppDelegate.swift */ = {isa = PBXFileReference; lastKnownFileType = sourcecode.swift; path = AppDelegate.swift; sourceTree = "<group>"; };
		842F43082202596600DE3266 /* ViewController.swift */ = {isa = PBXFileReference; lastKnownFileType = sourcecode.swift; path = ViewController.swift; sourceTree = "<group>"; };
		842F430B2202596600DE3266 /* Base */ = {isa = PBXFileReference; lastKnownFileType = file.storyboard; name = Base; path = Base.lproj/Main.storyboard; sourceTree = "<group>"; };
		842F430D2202596700DE3266 /* Assets.xcassets */ = {isa = PBXFileReference; lastKnownFileType = folder.assetcatalog; path = Assets.xcassets; sourceTree = "<group>"; };
		842F43102202596700DE3266 /* Base */ = {isa = PBXFileReference; lastKnownFileType = file.storyboard; name = Base; path = Base.lproj/LaunchScreen.storyboard; sourceTree = "<group>"; };
		842F43122202596700DE3266 /* Info.plist */ = {isa = PBXFileReference; lastKnownFileType = text.plist.xml; path = Info.plist; sourceTree = "<group>"; };
		842F431A220262FB00DE3266 /* MyContact.swift */ = {isa = PBXFileReference; lastKnownFileType = sourcecode.swift; path = MyContact.swift; sourceTree = "<group>"; };
		842F431E2202672300DE3266 /* ContactCellController.swift */ = {isa = PBXFileReference; lastKnownFileType = sourcecode.swift; path = ContactCellController.swift; sourceTree = "<group>"; };
/* End PBXFileReference section */

/* Begin PBXFrameworksBuildPhase section */
		842F43002202596600DE3266 /* Frameworks */ = {
			isa = PBXFrameworksBuildPhase;
			buildActionMask = 2147483647;
			files = (
			);
			runOnlyForDeploymentPostprocessing = 0;
		};
/* End PBXFrameworksBuildPhase section */

/* Begin PBXGroup section */
		842F42FA2202596600DE3266 = {
			isa = PBXGroup;
			children = (
				842F43052202596600DE3266 /* contactManager */,
				842F43042202596600DE3266 /* Products */,
			);
			sourceTree = "<group>";
		};
		842F43042202596600DE3266 /* Products */ = {
			isa = PBXGroup;
			children = (
				842F43032202596600DE3266 /* contactManager.app */,
			);
			name = Products;
			sourceTree = "<group>";
		};
		842F43052202596600DE3266 /* contactManager */ = {
			isa = PBXGroup;
			children = (
				842F43062202596600DE3266 /* AppDelegate.swift */,
				842F43082202596600DE3266 /* ViewController.swift */,
				842F430A2202596600DE3266 /* Main.storyboard */,
				842F430D2202596700DE3266 /* Assets.xcassets */,
				842F430F2202596700DE3266 /* LaunchScreen.storyboard */,
				842F43122202596700DE3266 /* Info.plist */,
				842F431A220262FB00DE3266 /* MyContact.swift */,
				842F431E2202672300DE3266 /* ContactCellController.swift */,
			);
			path = contactManager;
			sourceTree = "<group>";
		};
/* End PBXGroup section */

/* Begin PBXNativeTarget section */
		842F43022202596600DE3266 /* contactManager */ = {
			isa = PBXNativeTarget;
			buildConfigurationList = 842F43152202596700DE3266 /* Build configuration list for PBXNativeTarget "contactManager" */;
			buildPhases = (
				842F42FF2202596600DE3266 /* Sources */,
				842F43002202596600DE3266 /* Frameworks */,
				842F43012202596600DE3266 /* Resources */,
			);
			buildRules = (
			);
			dependencies = (
			);
			name = contactManager;
			productName = contactManager;
			productReference = 842F43032202596600DE3266 /* contactManager.app */;
			productType = "com.apple.product-type.application";
		};
/* End PBXNativeTarget section */

/* Begin PBXProject section */
		842F42FB2202596600DE3266 /* Project object */ = {
			isa = PBXProject;
			attributes = {
				LastSwiftUpdateCheck = 1010;
				LastUpgradeCheck = 1010;
				ORGANIZATIONNAME = "Rohit kumar basnet";
				TargetAttributes = {
					842F43022202596600DE3266 = {
						CreatedOnToolsVersion = 10.1;
					};
				};
			};
			buildConfigurationList = 842F42FE2202596600DE3266 /* Build configuration list for PBXProject "contactManager" */;
			compatibilityVersion = "Xcode 9.3";
			developmentRegion = en;
			hasScannedForEncodings = 0;
			knownRegions = (
				en,
				Base,
			);
			mainGroup = 842F42FA2202596600DE3266;
			productRefGroup = 842F43042202596600DE3266 /* Products */;
			projectDirPath = "";
			projectRoot = "";
			targets = (
				842F43022202596600DE3266 /* contactManager */,
			);
		};
/* End PBXProject section */

/* Begin PBXResourcesBuildPhase section */
		842F43012202596600DE3266 /* Resources */ = {
			isa = PBXResourcesBuildPhase;
			buildActionMask = 2147483647;
			files = (
				842F43112202596700DE3266 /* LaunchScreen.storyboard in Resources */,
				842F430E2202596700DE3266 /* Assets.xcassets in Resources */,
				842F430C2202596600DE3266 /* Main.storyboard in Resources */,
			);
			runOnlyForDeploymentPostprocessing = 0;
		};
/* End PBXResourcesBuildPhase section */

/* Begin PBXSourcesBuildPhase section */
		842F42FF2202596600DE3266 /* Sources */ = {
			isa = PBXSourcesBuildPhase;
			buildActionMask = 2147483647;
			files = (
				842F43092202596600DE3266 /* ViewController.swift in Sources */,
				842F43072202596600DE3266 /* AppDelegate.swift in Sources */,
				842F431F2202672300DE3266 /* ContactCellController.swift in Sources */,
				842F431B220262FB00DE3266 /* MyContact.swift in Sources */,
			);
			runOnlyForDeploymentPostprocessing = 0;
		};
/* End PBXSourcesBuildPhase section */

/* Begin PBXVariantGroup section */
		842F430A2202596600DE3266 /* Main.storyboard */ = {
			isa = PBXVariantGroup;
			children = (
				842F430B2202596600DE3266 /* Base */,
			);
			name = Main.storyboard;
			sourceTree = "<group>";
		};
		842F430F2202596700DE3266 /* LaunchScreen.storyboard */ = {
			isa = PBXVariantGroup;
			children = (
				842F43102202596700DE3266 /* Base */,
			);
			name = LaunchScreen.storyboard;
			sourceTree = "<group>";
		};
/* End PBXVariantGroup section */

/* Begin XCBuildConfiguration section */
		842F43132202596700DE3266 /* Debug */ = {
			isa = XCBuildConfiguration;
			buildSettings = {
				ALWAYS_SEARCH_USER_PATHS = NO;
				CLANG_ANALYZER_NONNULL = YES;
				CLANG_ANALYZER_NUMBER_OBJECT_CONVERSION = YES_AGGRESSIVE;
				CLANG_CXX_LANGUAGE_STANDARD = "gnu++14";
				CLANG_CXX_LIBRARY = "libc++";
				CLANG_ENABLE_MODULES = YES;
				CLANG_ENABLE_OBJC_ARC = YES;
				CLANG_ENABLE_OBJC_WEAK = YES;
				CLANG_WARN_BLOCK_CAPTURE_AUTORELEASING = YES;
				CLANG_WARN_BOOL_CONVERSION = YES;
				CLANG_WARN_COMMA = YES;
				CLANG_WARN_CONSTANT_CONVERSION = YES;
				CLANG_WARN_DEPRECATED_OBJC_IMPLEMENTATIONS = YES;
				CLANG_WARN_DIRECT_OBJC_ISA_USAGE = YES_ERROR;
				CLANG_WARN_DOCUMENTATION_COMMENTS = YES;
				CLANG_WARN_EMPTY_BODY = YES;
				CLANG_WARN_ENUM_CONVERSION = YES;
				CLANG_WARN_INFINITE_RECURSION = YES;
				CLANG_WARN_INT_CONVERSION = YES;
				CLANG_WARN_NON_LITERAL_NULL_CONVERSION = YES;
				CLANG_WARN_OBJC_IMPLICIT_RETAIN_SELF = YES;
				CLANG_WARN_OBJC_LITERAL_CONVERSION = YES;
				CLANG_WARN_OBJC_ROOT_CLASS = YES_ERROR;
				CLANG_WARN_RANGE_LOOP_ANALYSIS = YES;
				CLANG_WARN_STRICT_PROTOTYPES = YES;
				CLANG_WARN_SUSPICIOUS_MOVE = YES;
				CLANG_WARN_UNGUARDED_AVAILABILITY = YES_AGGRESSIVE;
				CLANG_WARN_UNREACHABLE_CODE = YES;
				CLANG_WARN__DUPLICATE_METHOD_MATCH = YES;
				CODE_SIGN_IDENTITY = "iPhone Developer";
				COPY_PHASE_STRIP = NO;
				DEBUG_INFORMATION_FORMAT = dwarf;
				ENABLE_STRICT_OBJC_MSGSEND = YES;
				ENABLE_TESTABILITY = YES;
				GCC_C_LANGUAGE_STANDARD = gnu11;
				GCC_DYNAMIC_NO_PIC = NO;
				GCC_NO_COMMON_BLOCKS = YES;
				GCC_OPTIMIZATION_LEVEL = 0;
				GCC_PREPROCESSOR_DEFINITIONS = (
					"DEBUG=1",
					"$(inherited)",
				);
				GCC_WARN_64_TO_32_BIT_CONVERSION = YES;
				GCC_WARN_ABOUT_RETURN_TYPE = YES_ERROR;
				GCC_WARN_UNDECLARED_SELECTOR = YES;
				GCC_WARN_UNINITIALIZED_AUTOS = YES_AGGRESSIVE;
				GCC_WARN_UNUSED_FUNCTION = YES;
				GCC_WARN_UNUSED_VARIABLE = YES;
				IPHONEOS_DEPLOYMENT_TARGET = 12.1;
				MTL_ENABLE_DEBUG_INFO = INCLUDE_SOURCE;
				MTL_FAST_MATH = YES;
				ONLY_ACTIVE_ARCH = YES;
				SDKROOT = iphoneos;
				SWIFT_ACTIVE_COMPILATION_CONDITIONS = DEBUG;
				SWIFT_OPTIMIZATION_LEVEL = "-Onone";
			};
			name = Debug;
		};
		842F43142202596700DE3266 /* Release */ = {
			isa = XCBuildConfiguration;
			buildSettings = {
				ALWAYS_SEARCH_USER_PATHS = NO;
				CLANG_ANALYZER_NONNULL = YES;
				CLANG_ANALYZER_NUMBER_OBJECT_CONVERSION = YES_AGGRESSIVE;
				CLANG_CXX_LANGUAGE_STANDARD = "gnu++14";
				CLANG_CXX_LIBRARY = "libc++";
				CLANG_ENABLE_MODULES = YES;
				CLANG_ENABLE_OBJC_ARC = YES;
				CLANG_ENABLE_OBJC_WEAK = YES;
				CLANG_WARN_BLOCK_CAPTURE_AUTORELEASING = YES;
				CLANG_WARN_BOOL_CONVERSION = YES;
				CLANG_WARN_COMMA = YES;
				CLANG_WARN_CONSTANT_CONVERSION = YES;
				CLANG_WARN_DEPRECATED_OBJC_IMPLEMENTATIONS = YES;
				CLANG_WARN_DIRECT_OBJC_ISA_USAGE = YES_ERROR;
				CLANG_WARN_DOCUMENTATION_COMMENTS = YES;
				CLANG_WARN_EMPTY_BODY = YES;
				CLANG_WARN_ENUM_CONVERSION = YES;
				CLANG_WARN_INFINITE_RECURSION = YES;
				CLANG_WARN_INT_CONVERSION = YES;
				CLANG_WARN_NON_LITERAL_NULL_CONVERSION = YES;
				CLANG_WARN_OBJC_IMPLICIT_RETAIN_SELF = YES;
				CLANG_WARN_OBJC_LITERAL_CONVERSION = YES;
				CLANG_WARN_OBJC_ROOT_CLASS = YES_ERROR;
				CLANG_WARN_RANGE_LOOP_ANALYSIS = YES;
				CLANG_WARN_STRICT_PROTOTYPES = YES;
				CLANG_WARN_SUSPICIOUS_MOVE = YES;
				CLANG_WARN_UNGUARDED_AVAILABILITY = YES_AGGRESSIVE;
				CLANG_WARN_UNREACHABLE_CODE = YES;
				CLANG_WARN__DUPLICATE_METHOD_MATCH = YES;
				CODE_SIGN_IDENTITY = "iPhone Developer";
				COPY_PHASE_STRIP = NO;
				DEBUG_INFORMATION_FORMAT = "dwarf-with-dsym";
				ENABLE_NS_ASSERTIONS = NO;
				ENABLE_STRICT_OBJC_MSGSEND = YES;
				GCC_C_LANGUAGE_STANDARD = gnu11;
				GCC_NO_COMMON_BLOCKS = YES;
				GCC_WARN_64_TO_32_BIT_CONVERSION = YES;
				GCC_WARN_ABOUT_RETURN_TYPE = YES_ERROR;
				GCC_WARN_UNDECLARED_SELECTOR = YES;
				GCC_WARN_UNINITIALIZED_AUTOS = YES_AGGRESSIVE;
				GCC_WARN_UNUSED_FUNCTION = YES;
				GCC_WARN_UNUSED_VARIABLE = YES;
				IPHONEOS_DEPLOYMENT_TARGET = 12.1;
				MTL_ENABLE_DEBUG_INFO = NO;
				MTL_FAST_MATH = YES;
				SDKROOT = iphoneos;
				SWIFT_COMPILATION_MODE = wholemodule;
				SWIFT_OPTIMIZATION_LEVEL = "-O";
				VALIDATE_PRODUCT = YES;
			};
			name = Release;
		};
		842F43162202596700DE3266 /* Debug */ = {
			isa = XCBuildConfiguration;
			buildSettings = {
				ASSETCATALOG_COMPILER_APPICON_NAME = AppIcon;
				CODE_SIGN_STYLE = Automatic;
				INFOPLIST_FILE = contactManager/Info.plist;
				LD_RUNPATH_SEARCH_PATHS = (
					"$(inherited)",
					"@executable_path/Frameworks",
				);
				PRODUCT_BUNDLE_IDENTIFIER = rohit.contactManager;
				PRODUCT_NAME = "$(TARGET_NAME)";
				SWIFT_VERSION = 4.2;
				TARGETED_DEVICE_FAMILY = "1,2";
			};
			name = Debug;
		};
		842F43172202596700DE3266 /* Release */ = {
			isa = XCBuildConfiguration;
			buildSettings = {
				ASSETCATALOG_COMPILER_APPICON_NAME = AppIcon;
				CODE_SIGN_STYLE = Automatic;
				INFOPLIST_FILE = contactManager/Info.plist;
				LD_RUNPATH_SEARCH_PATHS = (
					"$(inherited)",
					"@executable_path/Frameworks",
				);
				PRODUCT_BUNDLE_IDENTIFIER = rohit.contactManager;
				PRODUCT_NAME = "$(TARGET_NAME)";
				SWIFT_VERSION = 4.2;
				TARGETED_DEVICE_FAMILY = "1,2";
			};
			name = Release;
		};
/* End XCBuildConfiguration section */

/* Begin XCConfigurationList section */
		842F42FE2202596600DE3266 /* Build configuration list for PBXProject "contactManager" */ = {
			isa = XCConfigurationList;
			buildConfigurations = (
				842F43132202596700DE3266 /* Debug */,
				842F43142202596700DE3266 /* Release */,
			);
			defaultConfigurationIsVisible = 0;
			defaultConfigurationName = Release;
		};
		842F43152202596700DE3266 /* Build configuration list for PBXNativeTarget "contactManager" */ = {
			isa = XCConfigurationList;
			buildConfigurations = (
				842F43162202596700DE3266 /* Debug */,
				842F43172202596700DE3266 /* Release */,
			);
			defaultConfigurationIsVisible = 0;
			defaultConfigurationName = Release;
		};
/* End XCConfigurationList section */
	};
	rootObject = 842F42FB2202596600DE3266 /* Project object */;
}
